{
  "name": "speed_typing_test",
  "version": "1.0.0",
  "lockfileVersion": 2,
  "requires": true,
  "packages": {
    "": {
      "name": "speed_typing_test",
      "version": "1.0.0",
      "license": "ISC",
      "dependencies": {
        "chalk": "^5.0.1",
        "hide-terminal-cursor": "^0.0.1",
        "readline-sync": "^1.4.10"
      }
    },
    "node_modules/chalk": {
      "version": "5.0.1",
      "resolved": "https://registry.npmjs.org/chalk/-/chalk-5.0.1.tgz",
      "integrity": "sha512-Fo07WOYGqMfCWHOzSXOt2CxDbC6skS/jO9ynEcmpANMoPrD+W1r1K6Vx7iNm+AQmETU1Xr2t+n8nzkV9t6xh3w==",
      "engines": {
        "node": "^12.17.0 || ^14.13 || >=16.0.0"
      },
      "funding": {
        "url": "https://github.com/chalk/chalk?sponsor=1"
      }
    },
    "node_modules/control-sequence-introducer": {
      "version": "0.0.2",
      "resolved": "https://registry.npmjs.org/control-sequence-introducer/-/control-sequence-introducer-0.0.2.tgz",
      "integrity": "sha512-UZ8wDB3b0dEIkmUaaiDuMgNiChcBSVel5iKv+77DZ0UGrf0UnJ4Kxnp9KyrcOezDiUU4ryDyq+BODOAMcRv5+g==",
      "dependencies": {
        "terminal-escape-char": "*"
      }
    },
    "node_modules/hide-terminal-cursor": {
      "version": "0.0.1",
      "resolved": "https://registry.npmjs.org/hide-terminal-cursor/-/hide-terminal-cursor-0.0.1.tgz",
      "integrity": "sha1-jKZT1fF0jcfUF3IR9znxHXAjWt4=",
      "dependencies": {
        "control-sequence-introducer": "0.0.2"
      }
    },
    "node_modules/readline-sync": {
      "version": "1.4.10",
      "resolved": "https://registry.npmjs.org/readline-sync/-/readline-sync-1.4.10.tgz",
      "integrity": "sha512-gNva8/6UAe8QYepIQH/jQ2qn91Qj0B9sYjMBBs3QOB8F2CXcKgLxQaJRP76sWVRQt+QU+8fAkCbCvjjMFu7Ycw==",
      "engines": {
        "node": ">= 0.8.0"
      }
    },
    "node_modules/terminal-escape-char": {
      "version": "0.0.4",
      "resolved": "https://registry.npmjs.org/terminal-escape-char/-/terminal-escape-char-0.0.4.tgz",
      "integrity": "sha1-WTzZZKzKZzX3AaV9p2ZccLjxIrA="
    }
  },
  "dependencies": {
    "chalk": {
      "version": "5.0.1",
      "resolved": "https://registry.npmjs.org/chalk/-/chalk-5.0.1.tgz",
      "integrity": "sha512-Fo07WOYGqMfCWHOzSXOt2CxDbC6skS/jO9ynEcmpANMoPrD+W1r1K6Vx7iNm+AQmETU1Xr2t+n8nzkV9t6xh3w=="
    },
    "control-sequence-introducer": {
      "version": "0.0.2",
      "resolved": "https://registry.npmjs.org/control-sequence-introducer/-/control-sequence-introducer-0.0.2.tgz",
      "integrity": "sha512-UZ8wDB3b0dEIkmUaaiDuMgNiChcBSVel5iKv+77DZ0UGrf0UnJ4Kxnp9KyrcOezDiUU4ryDyq+BODOAMcRv5+g==",
      "requires": {
        "terminal-escape-char": "*"
      }
    },
    "hide-terminal-cursor": {
      "version": "0.0.1",
      "resolved": "https://registry.npmjs.org/hide-terminal-cursor/-/hide-terminal-cursor-0.0.1.tgz",
      "integrity": "sha1-jKZT1fF0jcfUF3IR9znxHXAjWt4=",
      "requires": {
        "control-sequence-introducer": "0.0.2"
      }
    },
    "readline-sync": {
      "version": "1.4.10",
      "resolved": "https://registry.npmjs.org/readline-sync/-/readline-sync-1.4.10.tgz",
      "integrity": "sha512-gNva8/6UAe8QYepIQH/jQ2qn91Qj0B9sYjMBBs3QOB8F2CXcKgLxQaJRP76sWVRQt+QU+8fAkCbCvjjMFu7Ycw=="
    },
    "terminal-escape-char": {
      "version": "0.0.4",
      "resolved": "https://registry.npmjs.org/terminal-escape-char/-/terminal-escape-char-0.0.4.tgz",
      "integrity": "sha1-WTzZZKzKZzX3AaV9p2ZccLjxIrA="
    }
  }
}
